<?xml version="1.0" encoding="utf-8"?>
<Project ToolsVersion="4.0" xmlns="http://schemas.microsoft.com/developer/msbuild/2003">
  <ItemGroup>
    <Filter Include="functor">
      <UniqueIdentifier>{c40f7da2-7c29-4edb-a9a3-58ad7d070254}</UniqueIdentifier>
    </Filter>
    <Filter Include="sigslot">
      <UniqueIdentifier>{6239c5ec-411b-4605-8ea4-1fd246e24e1f}</UniqueIdentifier>
    </Filter>
  </ItemGroup>
  <ItemGroup>
    <ClCompile Include="$(MSBuildThisFileDirectory)functor\TestBind.cpp">
      <Filter>functor</Filter>
    </ClCompile>
    <ClCompile Include="$(MSBuildThisFileDirectory)TestRValueReference.cpp" />
    <ClCompile Include="$(MSBuildThisFileDirectory)TestTuple.cpp" />
    <ClCompile Include="$(MSBuildThisFileDirectory)sigslot\TestSigslot.cpp">
      <Filter>sigslot</Filter>
    </ClCompile>
    <ClCompile Include="$(MSBuildThisFileDirectory)sigslot\Switch.cpp">
      <Filter>sigslot</Filter>
    </ClCompile>
    <ClCompile Include="$(MSBuildThisFileDirectory)sigslot\Light.cpp">
      <Filter>sigslot</Filter>
    </ClCompile>
    <ClCompile Include="$(MSBuildThisFileDirectory)sigslot\sigslot.cc">
      <Filter>sigslot</Filter>
    </ClCompile>
    <ClCompile Include="$(MSBuildThisFileDirectory)TestAuto.cpp" />
    <ClCompile Include="$(MSBuildThisFileDirectory)TestInterface.cpp" />
    <ClCompile Include="$(MSBuildThisFileDirectory)TestVirtualDestructor.cpp" />
    <ClCompile Include="$(MSBuildThisFileDirectory)TestEasyMap.cpp" />
    <ClCompile Include="$(MSBuildThisFileDirectory)IServiceManager.cpp" />
    <ClCompile Include="$(MSBuildThisFileDirectory)TestEasySet.cpp" />
    <ClCompile Include="$(MSBuildThisFileDirectory)TestEnum.cpp" />
  </ItemGroup>
  <ItemGroup>
    <ClInclude Include="$(MSBuildThisFileDirectory)functor\TestBind.h">
      <Filter>functor</Filter>
    </ClInclude>
    <ClInclude Include="$(MSBuildThisFileDirectory)TestRValueReference.h" />
    <ClInclude Include="$(MSBuildThisFileDirectory)TestTuple.h" />
    <ClInclude Include="$(MSBuildThisFileDirectory)sigslot\sigslot.h">
      <Filter>sigslot</Filter>
    </ClInclude>
    <ClInclude Include="$(MSBuildThisFileDirectory)sigslot\TestSigslot.h">
      <Filter>sigslot</Filter>
    </ClInclude>
    <ClInclude Include="$(MSBuildThisFileDirectory)sigslot\Switch.h">
      <Filter>sigslot</Filter>
    </ClInclude>
    <ClInclude Include="$(MSBuildThisFileDirectory)sigslot\Light.h">
      <Filter>sigslot</Filter>
    </ClInclude>
    <ClInclude Include="$(MSBuildThisFileDirectory)TestAuto.h" />
    <ClInclude Include="$(MSBuildThisFileDirectory)TestInterface.h" />
    <ClInclude Include="$(MSBuildThisFileDirectory)TestVirtualDestructor.h" />
    <ClInclude Include="$(MSBuildThisFileDirectory)Map.h" />
    <ClInclude Include="$(MSBuildThisFileDirectory)RbTree.h" />
    <ClInclude Include="$(MSBuildThisFileDirectory)TestEasyMap.h" />
    <ClInclude Include="$(MSBuildThisFileDirectory)Set.h" />
    <ClInclude Include="$(MSBuildThisFileDirectory)IServiceManager.h" />
    <ClInclude Include="$(MSBuildThisFileDirectory)IService.h" />
    <ClInclude Include="$(MSBuildThisFileDirectory)TestEasySet.h" />
    <ClInclude Include="$(MSBuildThisFileDirectory)TestEnum.h" />
  </ItemGroup>
</Project>